// !$*UTF8*$!
{
	archiveVersion = 1;
	classes = {
	};
	objectVersion = 52;
	objects = {

/* Begin PBXBuildFile section */
		35A2C7B5255DAD8500C60B92 /* AppDelegate.swift in Sources */ = {isa = PBXBuildFile; fileRef = 35A2C7B4255DAD8500C60B92 /* AppDelegate.swift */; };
		35A2C7B7255DAD8500C60B92 /* SceneDelegate.swift in Sources */ = {isa = PBXBuildFile; fileRef = 35A2C7B6255DAD8500C60B92 /* SceneDelegate.swift */; };
		35A2C7B9255DAD8500C60B92 /* ListViewController.swift in Sources */ = {isa = PBXBuildFile; fileRef = 35A2C7B8255DAD8500C60B92 /* ListViewController.swift */; };
		35A2C7BC255DAD8500C60B92 /* Main.storyboard in Resources */ = {isa = PBXBuildFile; fileRef = 35A2C7BA255DAD8500C60B92 /* Main.storyboard */; };
		35A2C7BE255DAD8700C60B92 /* Assets.xcassets in Resources */ = {isa = PBXBuildFile; fileRef = 35A2C7BD255DAD8700C60B92 /* Assets.xcassets */; };
		35A2C7C1255DAD8700C60B92 /* LaunchScreen.storyboard in Resources */ = {isa = PBXBuildFile; fileRef = 35A2C7BF255DAD8700C60B92 /* LaunchScreen.storyboard */; };
		35A2C7CB255DAEC000C60B92 /* ListViewCollectionTableCell.swift in Sources */ = {isa = PBXBuildFile; fileRef = 35A2C7CA255DAEC000C60B92 /* ListViewCollectionTableCell.swift */; };
		35A2C7CF255DAEED00C60B92 /* ListViewCollectionTableCell.xib in Resources */ = {isa = PBXBuildFile; fileRef = 35A2C7CE255DAEED00C60B92 /* ListViewCollectionTableCell.xib */; };
		35A2C7D2255DAFD800C60B92 /* ImageCollectionCell.swift in Sources */ = {isa = PBXBuildFile; fileRef = 35A2C7D1255DAFD800C60B92 /* ImageCollectionCell.swift */; };
		35A2C7D5255DB00C00C60B92 /* ImageCollectionCell.xib in Resources */ = {isa = PBXBuildFile; fileRef = 35A2C7D4255DB00C00C60B92 /* ImageCollectionCell.xib */; };
		35A2C7E2255DB0C900C60B92 /* NSObject+Extension.swift in Sources */ = {isa = PBXBuildFile; fileRef = 35A2C7E1255DB0C900C60B92 /* NSObject+Extension.swift */; };
		35A2C7E6255DB0E900C60B92 /* ClassNameProtocol.swift in Sources */ = {isa = PBXBuildFile; fileRef = 35A2C7E5255DB0E900C60B92 /* ClassNameProtocol.swift */; };
		35A2C7EA255DB13500C60B92 /* UIViewController+Extension.swift in Sources */ = {isa = PBXBuildFile; fileRef = 35A2C7E9255DB13500C60B92 /* UIViewController+Extension.swift */; };
		35A2C7EE255DB17100C60B92 /* UITableView+Extension.swift in Sources */ = {isa = PBXBuildFile; fileRef = 35A2C7ED255DB17100C60B92 /* UITableView+Extension.swift */; };
		35A2C7F1255DB19400C60B92 /* UICollectionView+Extension.swift in Sources */ = {isa = PBXBuildFile; fileRef = 35A2C7F0255DB19400C60B92 /* UICollectionView+Extension.swift */; };
		35A2C7F4255DB26300C60B92 /* assignment.json in Resources */ = {isa = PBXBuildFile; fileRef = 35A2C7F3255DB26300C60B92 /* assignment.json */; };
		35A2C7F8255DB32E00C60B92 /* DataModel.swift in Sources */ = {isa = PBXBuildFile; fileRef = 35A2C7F7255DB32E00C60B92 /* DataModel.swift */; };
		35A2C7FB255DB34400C60B92 /* NodeModel.swift in Sources */ = {isa = PBXBuildFile; fileRef = 35A2C7FA255DB34400C60B92 /* NodeModel.swift */; };
		35A2C7FE255DB35B00C60B92 /* VideoModel.swift in Sources */ = {isa = PBXBuildFile; fileRef = 35A2C7FD255DB35B00C60B92 /* VideoModel.swift */; };
		35A2C801255DB46200C60B92 /* ListViewModel.swift in Sources */ = {isa = PBXBuildFile; fileRef = 35A2C800255DB46200C60B92 /* ListViewModel.swift */; };
		35A2C807255DB84E00C60B92 /* ImageDownloader.swift in Sources */ = {isa = PBXBuildFile; fileRef = 35A2C806255DB84E00C60B92 /* ImageDownloader.swift */; };
		35A2C80A255DB89D00C60B92 /* UIView+Extension.swift in Sources */ = {isa = PBXBuildFile; fileRef = 35A2C809255DB89D00C60B92 /* UIView+Extension.swift */; };
		35A2C811255DBF0C00C60B92 /* ThumbnailGenerator.swift in Sources */ = {isa = PBXBuildFile; fileRef = 35A2C810255DBF0C00C60B92 /* ThumbnailGenerator.swift */; };
		35A2C815255DC53A00C60B92 /* ImageHelper.swift in Sources */ = {isa = PBXBuildFile; fileRef = 35A2C814255DC53A00C60B92 /* ImageHelper.swift */; };
		35A2C844255DC9A700C60B92 /* CVError.swift in Sources */ = {isa = PBXBuildFile; fileRef = 35A2C843255DC9A700C60B92 /* CVError.swift */; };
		35A2C850255DD10300C60B92 /* PlayerViewController.swift in Sources */ = {isa = PBXBuildFile; fileRef = 35A2C84F255DD10300C60B92 /* PlayerViewController.swift */; };
		35A2C854255DD13100C60B92 /* PlayerViewModel.swift in Sources */ = {isa = PBXBuildFile; fileRef = 35A2C853255DD13100C60B92 /* PlayerViewModel.swift */; };
		35A2C857255DD1F200C60B92 /* PlayerCollectionCell.swift in Sources */ = {isa = PBXBuildFile; fileRef = 35A2C856255DD1F200C60B92 /* PlayerCollectionCell.swift */; };
		35A2C85A255DD20E00C60B92 /* PlayerCollectionCell.xib in Resources */ = {isa = PBXBuildFile; fileRef = 35A2C859255DD20E00C60B92 /* PlayerCollectionCell.xib */; };
		35A2C85F255DD25000C60B92 /* PlayerViewController.xib in Resources */ = {isa = PBXBuildFile; fileRef = 35A2C85E255DD25000C60B92 /* PlayerViewController.xib */; };
		35A2C862255DE81A00C60B92 /* UIResponder+Extension.swift in Sources */ = {isa = PBXBuildFile; fileRef = 35A2C861255DE81A00C60B92 /* UIResponder+Extension.swift */; };
		35A2C865255DE87F00C60B92 /* UITableViewCell+Extension.swift in Sources */ = {isa = PBXBuildFile; fileRef = 35A2C864255DE87F00C60B92 /* UITableViewCell+Extension.swift */; };
		35A2C868255DE89F00C60B92 /* UICollectionViewCell+Extension.swift in Sources */ = {isa = PBXBuildFile; fileRef = 35A2C867255DE89F00C60B92 /* UICollectionViewCell+Extension.swift */; };
		35A2C877255E7F3900C60B92 /* PendingOperations.swift in Sources */ = {isa = PBXBuildFile; fileRef = 35A2C876255E7F3900C60B92 /* PendingOperations.swift */; };
		35A2C87B255E81B600C60B92 /* ThumbnailDownloader.swift in Sources */ = {isa = PBXBuildFile; fileRef = 35A2C87A255E81B600C60B92 /* ThumbnailDownloader.swift */; };
		35A2C882255ED0E300C60B92 /* ListViewCollectionTableCellViewModel.swift in Sources */ = {isa = PBXBuildFile; fileRef = 35A2C881255ED0E300C60B92 /* ListViewCollectionTableCellViewModel.swift */; };
		35A2C886255ED5CB00C60B92 /* Constants.swift in Sources */ = {isa = PBXBuildFile; fileRef = 35A2C885255ED5CB00C60B92 /* Constants.swift */; };
		35A2C88E255ED83100C60B92 /* UIFont+Extension.swift in Sources */ = {isa = PBXBuildFile; fileRef = 35A2C88D255ED83100C60B92 /* UIFont+Extension.swift */; };
		35A2C892255EDB0600C60B92 /* Kingfisher in Frameworks */ = {isa = PBXBuildFile; productRef = 35A2C891255EDB0600C60B92 /* Kingfisher */; };
		35FD0B0A25622E0D003D9C85 /* Theme.swift in Sources */ = {isa = PBXBuildFile; fileRef = 35FD0B0925622E0D003D9C85 /* Theme.swift */; };
/* End PBXBuildFile section */

/* Begin PBXFileReference section */
		35A2C7B1255DAD8500C60B92 /* ContinuousVideo.app */ = {isa = PBXFileReference; explicitFileType = wrapper.application; includeInIndex = 0; path = ContinuousVideo.app; sourceTree = BUILT_PRODUCTS_DIR; };
		35A2C7B4255DAD8500C60B92 /* AppDelegate.swift */ = {isa = PBXFileReference; lastKnownFileType = sourcecode.swift; path = AppDelegate.swift; sourceTree = "<group>"; };
		35A2C7B6255DAD8500C60B92 /* SceneDelegate.swift */ = {isa = PBXFileReference; lastKnownFileType = sourcecode.swift; path = SceneDelegate.swift; sourceTree = "<group>"; };
		35A2C7B8255DAD8500C60B92 /* ListViewController.swift */ = {isa = PBXFileReference; lastKnownFileType = sourcecode.swift; path = ListViewController.swift; sourceTree = "<group>"; };
		35A2C7BB255DAD8500C60B92 /* Base */ = {isa = PBXFileReference; lastKnownFileType = file.storyboard; name = Base; path = Base.lproj/Main.storyboard; sourceTree = "<group>"; };
		35A2C7BD255DAD8700C60B92 /* Assets.xcassets */ = {isa = PBXFileReference; lastKnownFileType = folder.assetcatalog; path = Assets.xcassets; sourceTree = "<group>"; };
		35A2C7C0255DAD8700C60B92 /* Base */ = {isa = PBXFileReference; lastKnownFileType = file.storyboard; name = Base; path = Base.lproj/LaunchScreen.storyboard; sourceTree = "<group>"; };
		35A2C7C2255DAD8700C60B92 /* Info.plist */ = {isa = PBXFileReference; lastKnownFileType = text.plist.xml; path = Info.plist; sourceTree = "<group>"; };
		35A2C7CA255DAEC000C60B92 /* ListViewCollectionTableCell.swift */ = {isa = PBXFileReference; lastKnownFileType = sourcecode.swift; path = ListViewCollectionTableCell.swift; sourceTree = "<group>"; };
		35A2C7CE255DAEED00C60B92 /* ListViewCollectionTableCell.xib */ = {isa = PBXFileReference; lastKnownFileType = file.xib; path = ListViewCollectionTableCell.xib; sourceTree = "<group>"; };
		35A2C7D1255DAFD800C60B92 /* ImageCollectionCell.swift */ = {isa = PBXFileReference; lastKnownFileType = sourcecode.swift; path = ImageCollectionCell.swift; sourceTree = "<group>"; };
		35A2C7D4255DB00C00C60B92 /* ImageCollectionCell.xib */ = {isa = PBXFileReference; lastKnownFileType = file.xib; path = ImageCollectionCell.xib; sourceTree = "<group>"; };
		35A2C7E1255DB0C900C60B92 /* NSObject+Extension.swift */ = {isa = PBXFileReference; lastKnownFileType = sourcecode.swift; path = "NSObject+Extension.swift"; sourceTree = "<group>"; };
		35A2C7E5255DB0E900C60B92 /* ClassNameProtocol.swift */ = {isa = PBXFileReference; lastKnownFileType = sourcecode.swift; path = ClassNameProtocol.swift; sourceTree = "<group>"; };
		35A2C7E9255DB13500C60B92 /* UIViewController+Extension.swift */ = {isa = PBXFileReference; lastKnownFileType = sourcecode.swift; path = "UIViewController+Extension.swift"; sourceTree = "<group>"; };
		35A2C7ED255DB17100C60B92 /* UITableView+Extension.swift */ = {isa = PBXFileReference; lastKnownFileType = sourcecode.swift; path = "UITableView+Extension.swift"; sourceTree = "<group>"; };
		35A2C7F0255DB19400C60B92 /* UICollectionView+Extension.swift */ = {isa = PBXFileReference; lastKnownFileType = sourcecode.swift; path = "UICollectionView+Extension.swift"; sourceTree = "<group>"; };
		35A2C7F3255DB26300C60B92 /* assignment.json */ = {isa = PBXFileReference; fileEncoding = 4; lastKnownFileType = text.json; path = assignment.json; sourceTree = "<group>"; };
		35A2C7F7255DB32E00C60B92 /* DataModel.swift */ = {isa = PBXFileReference; lastKnownFileType = sourcecode.swift; path = DataModel.swift; sourceTree = "<group>"; };
		35A2C7FA255DB34400C60B92 /* NodeModel.swift */ = {isa = PBXFileReference; lastKnownFileType = sourcecode.swift; path = NodeModel.swift; sourceTree = "<group>"; };
		35A2C7FD255DB35B00C60B92 /* VideoModel.swift */ = {isa = PBXFileReference; lastKnownFileType = sourcecode.swift; path = VideoModel.swift; sourceTree = "<group>"; };
		35A2C800255DB46200C60B92 /* ListViewModel.swift */ = {isa = PBXFileReference; lastKnownFileType = sourcecode.swift; path = ListViewModel.swift; sourceTree = "<group>"; };
		35A2C806255DB84E00C60B92 /* ImageDownloader.swift */ = {isa = PBXFileReference; lastKnownFileType = sourcecode.swift; path = ImageDownloader.swift; sourceTree = "<group>"; };
		35A2C809255DB89D00C60B92 /* UIView+Extension.swift */ = {isa = PBXFileReference; lastKnownFileType = sourcecode.swift; path = "UIView+Extension.swift"; sourceTree = "<group>"; };
		35A2C810255DBF0C00C60B92 /* ThumbnailGenerator.swift */ = {isa = PBXFileReference; lastKnownFileType = sourcecode.swift; path = ThumbnailGenerator.swift; sourceTree = "<group>"; };
		35A2C814255DC53A00C60B92 /* ImageHelper.swift */ = {isa = PBXFileReference; lastKnownFileType = sourcecode.swift; path = ImageHelper.swift; sourceTree = "<group>"; };
		35A2C843255DC9A700C60B92 /* CVError.swift */ = {isa = PBXFileReference; lastKnownFileType = sourcecode.swift; path = CVError.swift; sourceTree = "<group>"; };
		35A2C84F255DD10300C60B92 /* PlayerViewController.swift */ = {isa = PBXFileReference; lastKnownFileType = sourcecode.swift; path = PlayerViewController.swift; sourceTree = "<group>"; };
		35A2C853255DD13100C60B92 /* PlayerViewModel.swift */ = {isa = PBXFileReference; lastKnownFileType = sourcecode.swift; path = PlayerViewModel.swift; sourceTree = "<group>"; };
		35A2C856255DD1F200C60B92 /* PlayerCollectionCell.swift */ = {isa = PBXFileReference; lastKnownFileType = sourcecode.swift; path = PlayerCollectionCell.swift; sourceTree = "<group>"; };
		35A2C859255DD20E00C60B92 /* PlayerCollectionCell.xib */ = {isa = PBXFileReference; lastKnownFileType = file.xib; path = PlayerCollectionCell.xib; sourceTree = "<group>"; };
		35A2C85E255DD25000C60B92 /* PlayerViewController.xib */ = {isa = PBXFileReference; lastKnownFileType = file.xib; path = PlayerViewController.xib; sourceTree = "<group>"; };
		35A2C861255DE81A00C60B92 /* UIResponder+Extension.swift */ = {isa = PBXFileReference; lastKnownFileType = sourcecode.swift; path = "UIResponder+Extension.swift"; sourceTree = "<group>"; };
		35A2C864255DE87F00C60B92 /* UITableViewCell+Extension.swift */ = {isa = PBXFileReference; lastKnownFileType = sourcecode.swift; path = "UITableViewCell+Extension.swift"; sourceTree = "<group>"; };
		35A2C867255DE89F00C60B92 /* UICollectionViewCell+Extension.swift */ = {isa = PBXFileReference; lastKnownFileType = sourcecode.swift; path = "UICollectionViewCell+Extension.swift"; sourceTree = "<group>"; };
		35A2C876255E7F3900C60B92 /* PendingOperations.swift */ = {isa = PBXFileReference; lastKnownFileType = sourcecode.swift; path = PendingOperations.swift; sourceTree = "<group>"; };
		35A2C87A255E81B600C60B92 /* ThumbnailDownloader.swift */ = {isa = PBXFileReference; lastKnownFileType = sourcecode.swift; path = ThumbnailDownloader.swift; sourceTree = "<group>"; };
		35A2C881255ED0E300C60B92 /* ListViewCollectionTableCellViewModel.swift */ = {isa = PBXFileReference; lastKnownFileType = sourcecode.swift; path = ListViewCollectionTableCellViewModel.swift; sourceTree = "<group>"; };
		35A2C885255ED5CB00C60B92 /* Constants.swift */ = {isa = PBXFileReference; lastKnownFileType = sourcecode.swift; path = Constants.swift; sourceTree = "<group>"; };
		35A2C88D255ED83100C60B92 /* UIFont+Extension.swift */ = {isa = PBXFileReference; lastKnownFileType = sourcecode.swift; path = "UIFont+Extension.swift"; sourceTree = "<group>"; };
		35FD0B0925622E0D003D9C85 /* Theme.swift */ = {isa = PBXFileReference; lastKnownFileType = sourcecode.swift; path = Theme.swift; sourceTree = "<group>"; };
/* End PBXFileReference section */

/* Begin PBXFrameworksBuildPhase section */
		35A2C7AE255DAD8500C60B92 /* Frameworks */ = {
			isa = PBXFrameworksBuildPhase;
			buildActionMask = 2147483647;
			files = (
				35A2C892255EDB0600C60B92 /* Kingfisher in Frameworks */,
			);
			runOnlyForDeploymentPostprocessing = 0;
		};
/* End PBXFrameworksBuildPhase section */

/* Begin PBXGroup section */
		35A2C7A8255DAD8500C60B92 = {
			isa = PBXGroup;
			children = (
				35A2C7B3255DAD8500C60B92 /* ContinuousVideo */,
				35A2C7B2255DAD8500C60B92 /* Products */,
			);
			sourceTree = "<group>";
		};
		35A2C7B2255DAD8500C60B92 /* Products */ = {
			isa = PBXGroup;
			children = (
				35A2C7B1255DAD8500C60B92 /* ContinuousVideo.app */,
			);
			name = Products;
			sourceTree = "<group>";
		};
		35A2C7B3255DAD8500C60B92 /* ContinuousVideo */ = {
			isa = PBXGroup;
			children = (
				35A2C7B4255DAD8500C60B92 /* AppDelegate.swift */,
				35A2C7B6255DAD8500C60B92 /* SceneDelegate.swift */,
				35A2C7F6255DB2D600C60B92 /* Model */,
				35A2C84D255DD0D000C60B92 /* ViewModel */,
				35A2C84B255DD0C700C60B92 /* ViewController */,
				35A2C870255DF3D100C60B92 /* Cell */,
				35A2C7DB255DB06000C60B92 /* Storyboard */,
				35A2C7DC255DB06F00C60B92 /* Helper */,
				35A2C7F3255DB26300C60B92 /* assignment.json */,
				35A2C7BD255DAD8700C60B92 /* Assets.xcassets */,
				35A2C7C2255DAD8700C60B92 /* Info.plist */,
			);
			path = ContinuousVideo;
			sourceTree = "<group>";
		};
		35A2C7D7255DB04B00C60B92 /* ListViewCollectionTableCell */ = {
			isa = PBXGroup;
			children = (
				35A2C7CA255DAEC000C60B92 /* ListViewCollectionTableCell.swift */,
				35A2C7CE255DAEED00C60B92 /* ListViewCollectionTableCell.xib */,
			);
			path = ListViewCollectionTableCell;
			sourceTree = "<group>";
		};
		35A2C7D9255DB05300C60B92 /* ImageCollectionCell */ = {
			isa = PBXGroup;
			children = (
				35A2C7D1255DAFD800C60B92 /* ImageCollectionCell.swift */,
				35A2C7D4255DB00C00C60B92 /* ImageCollectionCell.xib */,
			);
			path = ImageCollectionCell;
			sourceTree = "<group>";
		};
		35A2C7DB255DB06000C60B92 /* Storyboard */ = {
			isa = PBXGroup;
			children = (
				35A2C7BA255DAD8500C60B92 /* Main.storyboard */,
				35A2C7BF255DAD8700C60B92 /* LaunchScreen.storyboard */,
			);
			path = Storyboard;
			sourceTree = "<group>";
		};
		35A2C7DC255DB06F00C60B92 /* Helper */ = {
			isa = PBXGroup;
			children = (
				35A2C7E0255DB0B600C60B92 /* Extension */,
				35A2C7E8255DB0F600C60B92 /* Protocol */,
				35FD0B0825622DFB003D9C85 /* PropertyWrapper */,
				35A2C814255DC53A00C60B92 /* ImageHelper.swift */,
				35A2C87A255E81B600C60B92 /* ThumbnailDownloader.swift */,
				35A2C876255E7F3900C60B92 /* PendingOperations.swift */,
				35A2C885255ED5CB00C60B92 /* Constants.swift */,
				35A2C843255DC9A700C60B92 /* CVError.swift */,
			);
			path = Helper;
			sourceTree = "<group>";
		};
		35A2C7E0255DB0B600C60B92 /* Extension */ = {
			isa = PBXGroup;
			children = (
				35A2C7E1255DB0C900C60B92 /* NSObject+Extension.swift */,
				35A2C861255DE81A00C60B92 /* UIResponder+Extension.swift */,
				35A2C809255DB89D00C60B92 /* UIView+Extension.swift */,
				35A2C7E9255DB13500C60B92 /* UIViewController+Extension.swift */,
				35A2C7ED255DB17100C60B92 /* UITableView+Extension.swift */,
				35A2C867255DE89F00C60B92 /* UICollectionViewCell+Extension.swift */,
				35A2C864255DE87F00C60B92 /* UITableViewCell+Extension.swift */,
				35A2C7F0255DB19400C60B92 /* UICollectionView+Extension.swift */,
				35A2C88D255ED83100C60B92 /* UIFont+Extension.swift */,
			);
			path = Extension;
			sourceTree = "<group>";
		};
		35A2C7E8255DB0F600C60B92 /* Protocol */ = {
			isa = PBXGroup;
			children = (
				35A2C806255DB84E00C60B92 /* ImageDownloader.swift */,
				35A2C810255DBF0C00C60B92 /* ThumbnailGenerator.swift */,
				35A2C7E5255DB0E900C60B92 /* ClassNameProtocol.swift */,
			);
			path = Protocol;
			sourceTree = "<group>";
		};
		35A2C7F6255DB2D600C60B92 /* Model */ = {
			isa = PBXGroup;
			children = (
				35A2C7F7255DB32E00C60B92 /* DataModel.swift */,
				35A2C7FA255DB34400C60B92 /* NodeModel.swift */,
				35A2C7FD255DB35B00C60B92 /* VideoModel.swift */,
			);
			path = Model;
			sourceTree = "<group>";
		};
		35A2C84B255DD0C700C60B92 /* ViewController */ = {
			isa = PBXGroup;
			children = (
				35A2C7B8255DAD8500C60B92 /* ListViewController.swift */,
				35A2C86A255DF39C00C60B92 /* PlayerViewController */,
			);
			path = ViewController;
			sourceTree = "<group>";
		};
		35A2C84D255DD0D000C60B92 /* ViewModel */ = {
			isa = PBXGroup;
			children = (
				35A2C800255DB46200C60B92 /* ListViewModel.swift */,
				35A2C853255DD13100C60B92 /* PlayerViewModel.swift */,
				35A2C884255ED57600C60B92 /* Cell */,
			);
			path = ViewModel;
			sourceTree = "<group>";
		};
		35A2C85C255DD23300C60B92 /* PlayerCollectionCell */ = {
			isa = PBXGroup;
			children = (
				35A2C856255DD1F200C60B92 /* PlayerCollectionCell.swift */,
				35A2C859255DD20E00C60B92 /* PlayerCollectionCell.xib */,
			);
			path = PlayerCollectionCell;
			sourceTree = "<group>";
		};
		35A2C86A255DF39C00C60B92 /* PlayerViewController */ = {
			isa = PBXGroup;
			children = (
				35A2C84F255DD10300C60B92 /* PlayerViewController.swift */,
				35A2C85E255DD25000C60B92 /* PlayerViewController.xib */,
			);
			path = PlayerViewController;
			sourceTree = "<group>";
		};
		35A2C86C255DF3BD00C60B92 /* TableCell */ = {
			isa = PBXGroup;
			children = (
				35A2C7D7255DB04B00C60B92 /* ListViewCollectionTableCell */,
			);
			path = TableCell;
			sourceTree = "<group>";
		};
		35A2C86E255DF3C500C60B92 /* CollectionCell */ = {
			isa = PBXGroup;
			children = (
				35A2C7D9255DB05300C60B92 /* ImageCollectionCell */,
				35A2C85C255DD23300C60B92 /* PlayerCollectionCell */,
			);
			path = CollectionCell;
			sourceTree = "<group>";
		};
		35A2C870255DF3D100C60B92 /* Cell */ = {
			isa = PBXGroup;
			children = (
				35A2C86C255DF3BD00C60B92 /* TableCell */,
				35A2C86E255DF3C500C60B92 /* CollectionCell */,
			);
			path = Cell;
			sourceTree = "<group>";
		};
		35A2C884255ED57600C60B92 /* Cell */ = {
			isa = PBXGroup;
			children = (
				35A2C881255ED0E300C60B92 /* ListViewCollectionTableCellViewModel.swift */,
			);
			path = Cell;
			sourceTree = "<group>";
		};
		35FD0B0825622DFB003D9C85 /* PropertyWrapper */ = {
			isa = PBXGroup;
			children = (
				35FD0B0925622E0D003D9C85 /* Theme.swift */,
			);
			path = PropertyWrapper;
			sourceTree = "<group>";
		};
/* End PBXGroup section */

/* Begin PBXNativeTarget section */
		35A2C7B0255DAD8500C60B92 /* ContinuousVideo */ = {
			isa = PBXNativeTarget;
			buildConfigurationList = 35A2C7C5255DAD8700C60B92 /* Build configuration list for PBXNativeTarget "ContinuousVideo" */;
			buildPhases = (
				35A2C7AD255DAD8500C60B92 /* Sources */,
				35A2C7AE255DAD8500C60B92 /* Frameworks */,
				35A2C7AF255DAD8500C60B92 /* Resources */,
			);
			buildRules = (
			);
			dependencies = (
			);
			name = ContinuousVideo;
			packageProductDependencies = (
				35A2C891255EDB0600C60B92 /* Kingfisher */,
			);
			productName = ContinuousVideo;
			productReference = 35A2C7B1255DAD8500C60B92 /* ContinuousVideo.app */;
			productType = "com.apple.product-type.application";
		};
/* End PBXNativeTarget section */

/* Begin PBXProject section */
		35A2C7A9255DAD8500C60B92 /* Project object */ = {
			isa = PBXProject;
			attributes = {
				LastSwiftUpdateCheck = 1210;
				LastUpgradeCheck = 1210;
				TargetAttributes = {
					35A2C7B0255DAD8500C60B92 = {
						CreatedOnToolsVersion = 12.1;
					};
				};
			};
			buildConfigurationList = 35A2C7AC255DAD8500C60B92 /* Build configuration list for PBXProject "ContinuousVideo" */;
			compatibilityVersion = "Xcode 9.3";
			developmentRegion = en;
			hasScannedForEncodings = 0;
			knownRegions = (
				en,
				Base,
			);
			mainGroup = 35A2C7A8255DAD8500C60B92;
			packageReferences = (
				35A2C890255EDB0600C60B92 /* XCRemoteSwiftPackageReference "Kingfisher" */,
			);
			productRefGroup = 35A2C7B2255DAD8500C60B92 /* Products */;
			projectDirPath = "";
			projectRoot = "";
			targets = (
				35A2C7B0255DAD8500C60B92 /* ContinuousVideo */,
			);
		};
/* End PBXProject section */

/* Begin PBXResourcesBuildPhase section */
		35A2C7AF255DAD8500C60B92 /* Resources */ = {
			isa = PBXResourcesBuildPhase;
			buildActionMask = 2147483647;
			files = (
				35A2C7F4255DB26300C60B92 /* assignment.json in Resources */,
				35A2C7C1255DAD8700C60B92 /* LaunchScreen.storyboard in Resources */,
				35A2C7BE255DAD8700C60B92 /* Assets.xcassets in Resources */,
				35A2C7BC255DAD8500C60B92 /* Main.storyboard in Resources */,
				35A2C7CF255DAEED00C60B92 /* ListViewCollectionTableCell.xib in Resources */,
				35A2C85F255DD25000C60B92 /* PlayerViewController.xib in Resources */,
				35A2C85A255DD20E00C60B92 /* PlayerCollectionCell.xib in Resources */,
				35A2C7D5255DB00C00C60B92 /* ImageCollectionCell.xib in Resources */,
			);
			runOnlyForDeploymentPostprocessing = 0;
		};
/* End PBXResourcesBuildPhase section */

/* Begin PBXSourcesBuildPhase section */
		35A2C7AD255DAD8500C60B92 /* Sources */ = {
			isa = PBXSourcesBuildPhase;
			buildActionMask = 2147483647;
			files = (
				35A2C7EA255DB13500C60B92 /* UIViewController+Extension.swift in Sources */,
				35A2C865255DE87F00C60B92 /* UITableViewCell+Extension.swift in Sources */,
				35A2C7B9255DAD8500C60B92 /* ListViewController.swift in Sources */,
				35A2C877255E7F3900C60B92 /* PendingOperations.swift in Sources */,
				35A2C801255DB46200C60B92 /* ListViewModel.swift in Sources */,
				35A2C886255ED5CB00C60B92 /* Constants.swift in Sources */,
				35A2C7F8255DB32E00C60B92 /* DataModel.swift in Sources */,
				35A2C844255DC9A700C60B92 /* CVError.swift in Sources */,
				35A2C7EE255DB17100C60B92 /* UITableView+Extension.swift in Sources */,
				35A2C7CB255DAEC000C60B92 /* ListViewCollectionTableCell.swift in Sources */,
				35A2C7FB255DB34400C60B92 /* NodeModel.swift in Sources */,
				35A2C882255ED0E300C60B92 /* ListViewCollectionTableCellViewModel.swift in Sources */,
				35A2C815255DC53A00C60B92 /* ImageHelper.swift in Sources */,
				35A2C7B5255DAD8500C60B92 /* AppDelegate.swift in Sources */,
				35A2C7E6255DB0E900C60B92 /* ClassNameProtocol.swift in Sources */,
				35A2C7FE255DB35B00C60B92 /* VideoModel.swift in Sources */,
				35A2C87B255E81B600C60B92 /* ThumbnailDownloader.swift in Sources */,
				35A2C868255DE89F00C60B92 /* UICollectionViewCell+Extension.swift in Sources */,
				35A2C88E255ED83100C60B92 /* UIFont+Extension.swift in Sources */,
				35A2C857255DD1F200C60B92 /* PlayerCollectionCell.swift in Sources */,
				35A2C862255DE81A00C60B92 /* UIResponder+Extension.swift in Sources */,
				35A2C80A255DB89D00C60B92 /* UIView+Extension.swift in Sources */,
				35A2C7F1255DB19400C60B92 /* UICollectionView+Extension.swift in Sources */,
				35A2C807255DB84E00C60B92 /* ImageDownloader.swift in Sources */,
				35FD0B0A25622E0D003D9C85 /* Theme.swift in Sources */,
				35A2C7D2255DAFD800C60B92 /* ImageCollectionCell.swift in Sources */,
				35A2C850255DD10300C60B92 /* PlayerViewController.swift in Sources */,
				35A2C811255DBF0C00C60B92 /* ThumbnailGenerator.swift in Sources */,
				35A2C7B7255DAD8500C60B92 /* SceneDelegate.swift in Sources */,
				35A2C7E2255DB0C900C60B92 /* NSObject+Extension.swift in Sources */,
				35A2C854255DD13100C60B92 /* PlayerViewModel.swift in Sources */,
			);
			runOnlyForDeploymentPostprocessing = 0;
		};
/* End PBXSourcesBuildPhase section */

/* Begin PBXVariantGroup section */
		35A2C7BA255DAD8500C60B92 /* Main.storyboard */ = {
			isa = PBXVariantGroup;
			children = (
				35A2C7BB255DAD8500C60B92 /* Base */,
			);
			name = Main.storyboard;
			sourceTree = "<group>";
		};
		35A2C7BF255DAD8700C60B92 /* LaunchScreen.storyboard */ = {
			isa = PBXVariantGroup;
			children = (
				35A2C7C0255DAD8700C60B92 /* Base */,
			);
			name = LaunchScreen.storyboard;
			sourceTree = "<group>";
		};
/* End PBXVariantGroup section */

/* Begin XCBuildConfiguration section */
		35A2C7C3255DAD8700C60B92 /* Debug */ = {
			isa = XCBuildConfiguration;
			buildSettings = {
				ALWAYS_SEARCH_USER_PATHS = NO;
				CLANG_ANALYZER_NONNULL = YES;
				CLANG_ANALYZER_NUMBER_OBJECT_CONVERSION = YES_AGGRESSIVE;
				CLANG_CXX_LANGUAGE_STANDARD = "gnu++14";
				CLANG_CXX_LIBRARY = "libc++";
				CLANG_ENABLE_MODULES = YES;
				CLANG_ENABLE_OBJC_ARC = YES;
				CLANG_ENABLE_OBJC_WEAK = YES;
				CLANG_WARN_BLOCK_CAPTURE_AUTORELEASING = YES;
				CLANG_WARN_BOOL_CONVERSION = YES;
				CLANG_WARN_COMMA = YES;
				CLANG_WARN_CONSTANT_CONVERSION = YES;
				CLANG_WARN_DEPRECATED_OBJC_IMPLEMENTATIONS = YES;
				CLANG_WARN_DIRECT_OBJC_ISA_USAGE = YES_ERROR;
				CLANG_WARN_DOCUMENTATION_COMMENTS = YES;
				CLANG_WARN_EMPTY_BODY = YES;
				CLANG_WARN_ENUM_CONVERSION = YES;
				CLANG_WARN_INFINITE_RECURSION = YES;
				CLANG_WARN_INT_CONVERSION = YES;
				CLANG_WARN_NON_LITERAL_NULL_CONVERSION = YES;
				CLANG_WARN_OBJC_IMPLICIT_RETAIN_SELF = YES;
				CLANG_WARN_OBJC_LITERAL_CONVERSION = YES;
				CLANG_WARN_OBJC_ROOT_CLASS = YES_ERROR;
				CLANG_WARN_QUOTED_INCLUDE_IN_FRAMEWORK_HEADER = YES;
				CLANG_WARN_RANGE_LOOP_ANALYSIS = YES;
				CLANG_WARN_STRICT_PROTOTYPES = YES;
				CLANG_WARN_SUSPICIOUS_MOVE = YES;
				CLANG_WARN_UNGUARDED_AVAILABILITY = YES_AGGRESSIVE;
				CLANG_WARN_UNREACHABLE_CODE = YES;
				CLANG_WARN__DUPLICATE_METHOD_MATCH = YES;
				COPY_PHASE_STRIP = NO;
				DEBUG_INFORMATION_FORMAT = dwarf;
				ENABLE_STRICT_OBJC_MSGSEND = YES;
				ENABLE_TESTABILITY = YES;
				GCC_C_LANGUAGE_STANDARD = gnu11;
				GCC_DYNAMIC_NO_PIC = NO;
				GCC_NO_COMMON_BLOCKS = YES;
				GCC_OPTIMIZATION_LEVEL = 0;
				GCC_PREPROCESSOR_DEFINITIONS = (
					"DEBUG=1",
					"$(inherited)",
				);
				GCC_WARN_64_TO_32_BIT_CONVERSION = YES;
				GCC_WARN_ABOUT_RETURN_TYPE = YES_ERROR;
				GCC_WARN_UNDECLARED_SELECTOR = YES;
				GCC_WARN_UNINITIALIZED_AUTOS = YES_AGGRESSIVE;
				GCC_WARN_UNUSED_FUNCTION = YES;
				GCC_WARN_UNUSED_VARIABLE = YES;
				IPHONEOS_DEPLOYMENT_TARGET = 14.1;
				MTL_ENABLE_DEBUG_INFO = INCLUDE_SOURCE;
				MTL_FAST_MATH = YES;
				ONLY_ACTIVE_ARCH = YES;
				SDKROOT = iphoneos;
				SWIFT_ACTIVE_COMPILATION_CONDITIONS = DEBUG;
				SWIFT_OPTIMIZATION_LEVEL = "-Onone";
			};
			name = Debug;
		};
		35A2C7C4255DAD8700C60B92 /* Release */ = {
			isa = XCBuildConfiguration;
			buildSettings = {
				ALWAYS_SEARCH_USER_PATHS = NO;
				CLANG_ANALYZER_NONNULL = YES;
				CLANG_ANALYZER_NUMBER_OBJECT_CONVERSION = YES_AGGRESSIVE;
				CLANG_CXX_LANGUAGE_STANDARD = "gnu++14";
				CLANG_CXX_LIBRARY = "libc++";
				CLANG_ENABLE_MODULES = YES;
				CLANG_ENABLE_OBJC_ARC = YES;
				CLANG_ENABLE_OBJC_WEAK = YES;
				CLANG_WARN_BLOCK_CAPTURE_AUTORELEASING = YES;
				CLANG_WARN_BOOL_CONVERSION = YES;
				CLANG_WARN_COMMA = YES;
				CLANG_WARN_CONSTANT_CONVERSION = YES;
				CLANG_WARN_DEPRECATED_OBJC_IMPLEMENTATIONS = YES;
				CLANG_WARN_DIRECT_OBJC_ISA_USAGE = YES_ERROR;
				CLANG_WARN_DOCUMENTATION_COMMENTS = YES;
				CLANG_WARN_EMPTY_BODY = YES;
				CLANG_WARN_ENUM_CONVERSION = YES;
				CLANG_WARN_INFINITE_RECURSION = YES;
				CLANG_WARN_INT_CONVERSION = YES;
				CLANG_WARN_NON_LITERAL_NULL_CONVERSION = YES;
				CLANG_WARN_OBJC_IMPLICIT_RETAIN_SELF = YES;
				CLANG_WARN_OBJC_LITERAL_CONVERSION = YES;
				CLANG_WARN_OBJC_ROOT_CLASS = YES_ERROR;
				CLANG_WARN_QUOTED_INCLUDE_IN_FRAMEWORK_HEADER = YES;
				CLANG_WARN_RANGE_LOOP_ANALYSIS = YES;
				CLANG_WARN_STRICT_PROTOTYPES = YES;
				CLANG_WARN_SUSPICIOUS_MOVE = YES;
				CLANG_WARN_UNGUARDED_AVAILABILITY = YES_AGGRESSIVE;
				CLANG_WARN_UNREACHABLE_CODE = YES;
				CLANG_WARN__DUPLICATE_METHOD_MATCH = YES;
				COPY_PHASE_STRIP = NO;
				DEBUG_INFORMATION_FORMAT = "dwarf-with-dsym";
				ENABLE_NS_ASSERTIONS = NO;
				ENABLE_STRICT_OBJC_MSGSEND = YES;
				GCC_C_LANGUAGE_STANDARD = gnu11;
				GCC_NO_COMMON_BLOCKS = YES;
				GCC_WARN_64_TO_32_BIT_CONVERSION = YES;
				GCC_WARN_ABOUT_RETURN_TYPE = YES_ERROR;
				GCC_WARN_UNDECLARED_SELECTOR = YES;
				GCC_WARN_UNINITIALIZED_AUTOS = YES_AGGRESSIVE;
				GCC_WARN_UNUSED_FUNCTION = YES;
				GCC_WARN_UNUSED_VARIABLE = YES;
				IPHONEOS_DEPLOYMENT_TARGET = 14.1;
				MTL_ENABLE_DEBUG_INFO = NO;
				MTL_FAST_MATH = YES;
				SDKROOT = iphoneos;
				SWIFT_COMPILATION_MODE = wholemodule;
				SWIFT_OPTIMIZATION_LEVEL = "-O";
				VALIDATE_PRODUCT = YES;
			};
			name = Release;
		};
		35A2C7C6255DAD8700C60B92 /* Debug */ = {
			isa = XCBuildConfiguration;
			buildSettings = {
				ASSETCATALOG_COMPILER_APPICON_NAME = AppIcon;
				ASSETCATALOG_COMPILER_GLOBAL_ACCENT_COLOR_NAME = AccentColor;
				CODE_SIGN_STYLE = Automatic;
				DEVELOPMENT_TEAM = P72Y94UW2W;
				INFOPLIST_FILE = ContinuousVideo/Info.plist;
				IPHONEOS_DEPLOYMENT_TARGET = 11.0;
				LD_RUNPATH_SEARCH_PATHS = (
					"$(inherited)",
					"@executable_path/Frameworks",
				);
				PRODUCT_BUNDLE_IDENTIFIER = com.rahulgarg.continuousvideo.ContinuousVideo;
				PRODUCT_NAME = "$(TARGET_NAME)";
				SWIFT_VERSION = 5.0;
				TARGETED_DEVICE_FAMILY = 1;
			};
			name = Debug;
		};
		35A2C7C7255DAD8700C60B92 /* Release */ = {
			isa = XCBuildConfiguration;
			buildSettings = {
				ASSETCATALOG_COMPILER_APPICON_NAME = AppIcon;
				ASSETCATALOG_COMPILER_GLOBAL_ACCENT_COLOR_NAME = AccentColor;
				CODE_SIGN_STYLE = Automatic;
				DEVELOPMENT_TEAM = P72Y94UW2W;
				INFOPLIST_FILE = ContinuousVideo/Info.plist;
				IPHONEOS_DEPLOYMENT_TARGET = 11.0;
				LD_RUNPATH_SEARCH_PATHS = (
					"$(inherited)",
					"@executable_path/Frameworks",
				);
				PRODUCT_BUNDLE_IDENTIFIER = com.rahulgarg.continuousvideo.ContinuousVideo;
				PRODUCT_NAME = "$(TARGET_NAME)";
				SWIFT_VERSION = 5.0;
				TARGETED_DEVICE_FAMILY = 1;
			};
			name = Release;
		};
/* End XCBuildConfiguration section */

/* Begin XCConfigurationList section */
		35A2C7AC255DAD8500C60B92 /* Build configuration list for PBXProject "ContinuousVideo" */ = {
			isa = XCConfigurationList;
			buildConfigurations = (
				35A2C7C3255DAD8700C60B92 /* Debug */,
				35A2C7C4255DAD8700C60B92 /* Release */,
			);
			defaultConfigurationIsVisible = 0;
			defaultConfigurationName = Release;
		};
		35A2C7C5255DAD8700C60B92 /* Build configuration list for PBXNativeTarget "ContinuousVideo" */ = {
			isa = XCConfigurationList;
			buildConfigurations = (
				35A2C7C6255DAD8700C60B92 /* Debug */,
				35A2C7C7255DAD8700C60B92 /* Release */,
			);
			defaultConfigurationIsVisible = 0;
			defaultConfigurationName = Release;
		};
/* End XCConfigurationList section */

/* Begin XCRemoteSwiftPackageReference section */
		35A2C890255EDB0600C60B92 /* XCRemoteSwiftPackageReference "Kingfisher" */ = {
			isa = XCRemoteSwiftPackageReference;
			repositoryURL = "https://github.com/onevcat/Kingfisher.git";
			requirement = {
				kind = upToNextMajorVersion;
				minimumVersion = 5.8.0;
			};
		};
/* End XCRemoteSwiftPackageReference section */

/* Begin XCSwiftPackageProductDependency section */
		35A2C891255EDB0600C60B92 /* Kingfisher */ = {
			isa = XCSwiftPackageProductDependency;
			package = 35A2C890255EDB0600C60B92 /* XCRemoteSwiftPackageReference "Kingfisher" */;
			productName = Kingfisher;
		};
/* End XCSwiftPackageProductDependency section */
	};
	rootObject = 35A2C7A9255DAD8500C60B92 /* Project object */;
}
